
Microsoft Visual Studio Solution File, Format Version 12.00
# Visual Studio Version 17
VisualStudioVersion = 17.14.36616.10 d17.14
MinimumVisualStudioVersion = 10.0.40219.1
Project("{FAE04EC0-301F-11D3-BF4B-00C04F79EFBC}") = "CapaDatos", "CapaDatos\CapaDatos.csproj", "{2C2EB2A9-FFDD-41D1-AEAD-F87FED92625D}"
EndProject
Project("{FAE04EC0-301F-11D3-BF4B-00C04F79EFBC}") = "CapaEntidades", "CapaEntidades\CapaEntidades.csproj", "{66A0F1A6-73E9-4BA9-949B-D4917B046397}"
EndProject
Project("{FAE04EC0-301F-11D3-BF4B-00C04F79EFBC}") = "CapaNegocio", "CapaNegocio\CapaNegocio.csproj", "{BBF6CCD9-BBEC-4CB0-B295-A1CF259C0EC9}"
EndProject
Project("{FAE04EC0-301F-11D3-BF4B-00C04F79EFBC}") = "CapaPresentacion", "CapaPresentacion\CapaPresentacion.csproj", "{CCDD1B21-B452-40B6-AA17-1E3240731C7F}"
EndProject
Global
	GlobalSection(SolutionConfigurationPlatforms) = preSolution
		Debug|Any CPU = Debug|Any CPU
		Release|Any CPU = Release|Any CPU
	EndGlobalSection
	GlobalSection(ProjectConfigurationPlatforms) = postSolution
		{2C2EB2A9-FFDD-41D1-AEAD-F87FED92625D}.Debug|Any CPU.ActiveCfg = Debug|Any CPU
		{2C2EB2A9-FFDD-41D1-AEAD-F87FED92625D}.Debug|Any CPU.Build.0 = Debug|Any CPU
		{2C2EB2A9-FFDD-41D1-AEAD-F87FED92625D}.Release|Any CPU.ActiveCfg = Release|Any CPU
		{2C2EB2A9-FFDD-41D1-AEAD-F87FED92625D}.Release|Any CPU.Build.0 = Release|Any CPU
		{66A0F1A6-73E9-4BA9-949B-D4917B046397}.Debug|Any CPU.ActiveCfg = Debug|Any CPU
		{66A0F1A6-73E9-4BA9-949B-D4917B046397}.Debug|Any CPU.Build.0 = Debug|Any CPU
		{66A0F1A6-73E9-4BA9-949B-D4917B046397}.Release|Any CPU.ActiveCfg = Release|Any CPU
		{66A0F1A6-73E9-4BA9-949B-D4917B046397}.Release|Any CPU.Build.0 = Release|Any CPU
		{BBF6CCD9-BBEC-4CB0-B295-A1CF259C0EC9}.Debug|Any CPU.ActiveCfg = Debug|Any CPU
		{BBF6CCD9-BBEC-4CB0-B295-A1CF259C0EC9}.Debug|Any CPU.Build.0 = Debug|Any CPU
		{BBF6CCD9-BBEC-4CB0-B295-A1CF259C0EC9}.Release|Any CPU.ActiveCfg = Release|Any CPU
		{BBF6CCD9-BBEC-4CB0-B295-A1CF259C0EC9}.Release|Any CPU.Build.0 = Release|Any CPU
		{CCDD1B21-B452-40B6-AA17-1E3240731C7F}.Debug|Any CPU.ActiveCfg = Debug|Any CPU
		{CCDD1B21-B452-40B6-AA17-1E3240731C7F}.Debug|Any CPU.Build.0 = Debug|Any CPU
		{CCDD1B21-B452-40B6-AA17-1E3240731C7F}.Release|Any CPU.ActiveCfg = Release|Any CPU
		{CCDD1B21-B452-40B6-AA17-1E3240731C7F}.Release|Any CPU.Build.0 = Release|Any CPU
	EndGlobalSection
	GlobalSection(SolutionProperties) = preSolution
		HideSolutionNode = FALSE
	EndGlobalSection
	GlobalSection(ExtensibilityGlobals) = postSolution
		SolutionGuid = {CA8122D2-66E8-4E22-81ED-CFB01F5E8430}
	EndGlobalSection
EndGlobal
